
Microsoft Visual Studio Solution File, Format Version 12.00
# Visual Studio Version 17
VisualStudioVersion = 17.7.34031.279
MinimumVisualStudioVersion = 10.0.40219.1
Project("{FAE04EC0-301F-11D3-BF4B-00C04F79EFBC}") = "Poker", "Poker\Poker.csproj", "{FD7CCCF9-964B-4A4D-BC46-BB27E5885999}"
EndProject
Global
	GlobalSection(SolutionConfigurationPlatforms) = preSolution
		Debug|Any CPU = Debug|Any CPU
		Release|Any CPU = Release|Any CPU
	EndGlobalSection
	GlobalSection(ProjectConfigurationPlatforms) = postSolution
		{FD7CCCF9-964B-4A4D-BC46-BB27E5885999}.Debug|Any CPU.ActiveCfg = Debug|Any CPU
		{FD7CCCF9-964B-4A4D-BC46-BB27E5885999}.Debug|Any CPU.Build.0 = Debug|Any CPU
		{FD7CCCF9-964B-4A4D-BC46-BB27E5885999}.Release|Any CPU.ActiveCfg = Release|Any CPU
		{FD7CCCF9-964B-4A4D-BC46-BB27E5885999}.Release|Any CPU.Build.0 = Release|Any CPU
	EndGlobalSection
	GlobalSection(SolutionProperties) = preSolution
		HideSolutionNode = FALSE
	EndGlobalSection
	GlobalSection(ExtensibilityGlobals) = postSolution
		SolutionGuid = {AF5A6208-4B8D-406B-83D3-406B0E67EB15}
	EndGlobalSection
EndGlobal
